// !$*UTF8*$!
{
	archiveVersion = 1;
	classes = {
	};
	objectVersion = 56;
	objects = {

/* Begin PBXBuildFile section */
		9708CD3E2A5C452A008A41C4 /* AppDelegate.swift in Sources */ = {isa = PBXBuildFile; fileRef = 9708CD3D2A5C452A008A41C4 /* AppDelegate.swift */; };
		9708CD402A5C452A008A41C4 /* SceneDelegate.swift in Sources */ = {isa = PBXBuildFile; fileRef = 9708CD3F2A5C452A008A41C4 /* SceneDelegate.swift */; };
		9708CD422A5C452A008A41C4 /* ViewController.swift in Sources */ = {isa = PBXBuildFile; fileRef = 9708CD412A5C452A008A41C4 /* ViewController.swift */; };
		9708CD452A5C452A008A41C4 /* Main.storyboard in Resources */ = {isa = PBXBuildFile; fileRef = 9708CD432A5C452A008A41C4 /* Main.storyboard */; };
		9708CD472A5C452C008A41C4 /* Assets.xcassets in Resources */ = {isa = PBXBuildFile; fileRef = 9708CD462A5C452C008A41C4 /* Assets.xcassets */; };
		9708CD4A2A5C452C008A41C4 /* LaunchScreen.storyboard in Resources */ = {isa = PBXBuildFile; fileRef = 9708CD482A5C452C008A41C4 /* LaunchScreen.storyboard */; };
		9708CD552A5C452C008A41C4 /* soporte_github_helloWorld_amandamovTests.swift in Sources */ = {isa = PBXBuildFile; fileRef = 9708CD542A5C452C008A41C4 /* soporte_github_helloWorld_amandamovTests.swift */; };
		9708CD5F2A5C452C008A41C4 /* soporte_github_helloWorld_amandamovUITests.swift in Sources */ = {isa = PBXBuildFile; fileRef = 9708CD5E2A5C452C008A41C4 /* soporte_github_helloWorld_amandamovUITests.swift */; };
		9708CD612A5C452C008A41C4 /* soporte_github_helloWorld_amandamovUITestsLaunchTests.swift in Sources */ = {isa = PBXBuildFile; fileRef = 9708CD602A5C452C008A41C4 /* soporte_github_helloWorld_amandamovUITestsLaunchTests.swift */; };
/* End PBXBuildFile section */

/* Begin PBXContainerItemProxy section */
		9708CD512A5C452C008A41C4 /* PBXContainerItemProxy */ = {
			isa = PBXContainerItemProxy;
			containerPortal = 9708CD322A5C452A008A41C4 /* Project object */;
			proxyType = 1;
			remoteGlobalIDString = 9708CD392A5C452A008A41C4;
			remoteInfo = "soporte-github-helloWorld-amandamov";
		};
		9708CD5B2A5C452C008A41C4 /* PBXContainerItemProxy */ = {
			isa = PBXContainerItemProxy;
			containerPortal = 9708CD322A5C452A008A41C4 /* Project object */;
			proxyType = 1;
			remoteGlobalIDString = 9708CD392A5C452A008A41C4;
			remoteInfo = "soporte-github-helloWorld-amandamov";
		};
/* End PBXContainerItemProxy section */

/* Begin PBXFileReference section */
		9708CD3A2A5C452A008A41C4 /* soporte-github-helloWorld-amandamov.app */ = {isa = PBXFileReference; explicitFileType = wrapper.application; includeInIndex = 0; path = "soporte-github-helloWorld-amandamov.app"; sourceTree = BUILT_PRODUCTS_DIR; };
		9708CD3D2A5C452A008A41C4 /* AppDelegate.swift */ = {isa = PBXFileReference; lastKnownFileType = sourcecode.swift; path = AppDelegate.swift; sourceTree = "<group>"; };
		9708CD3F2A5C452A008A41C4 /* SceneDelegate.swift */ = {isa = PBXFileReference; lastKnownFileType = sourcecode.swift; path = SceneDelegate.swift; sourceTree = "<group>"; };
		9708CD412A5C452A008A41C4 /* ViewController.swift */ = {isa = PBXFileReference; lastKnownFileType = sourcecode.swift; path = ViewController.swift; sourceTree = "<group>"; };
		9708CD442A5C452A008A41C4 /* Base */ = {isa = PBXFileReference; lastKnownFileType = file.storyboard; name = Base; path = Base.lproj/Main.storyboard; sourceTree = "<group>"; };
		9708CD462A5C452C008A41C4 /* Assets.xcassets */ = {isa = PBXFileReference; lastKnownFileType = folder.assetcatalog; path = Assets.xcassets; sourceTree = "<group>"; };
		9708CD492A5C452C008A41C4 /* Base */ = {isa = PBXFileReference; lastKnownFileType = file.storyboard; name = Base; path = Base.lproj/LaunchScreen.storyboard; sourceTree = "<group>"; };
		9708CD4B2A5C452C008A41C4 /* Info.plist */ = {isa = PBXFileReference; lastKnownFileType = text.plist.xml; path = Info.plist; sourceTree = "<group>"; };
		9708CD502A5C452C008A41C4 /* soporte-github-helloWorld-amandamovTests.xctest */ = {isa = PBXFileReference; explicitFileType = wrapper.cfbundle; includeInIndex = 0; path = "soporte-github-helloWorld-amandamovTests.xctest"; sourceTree = BUILT_PRODUCTS_DIR; };
		9708CD542A5C452C008A41C4 /* soporte_github_helloWorld_amandamovTests.swift */ = {isa = PBXFileReference; lastKnownFileType = sourcecode.swift; path = soporte_github_helloWorld_amandamovTests.swift; sourceTree = "<group>"; };
		9708CD5A2A5C452C008A41C4 /* soporte-github-helloWorld-amandamovUITests.xctest */ = {isa = PBXFileReference; explicitFileType = wrapper.cfbundle; includeInIndex = 0; path = "soporte-github-helloWorld-amandamovUITests.xctest"; sourceTree = BUILT_PRODUCTS_DIR; };
		9708CD5E2A5C452C008A41C4 /* soporte_github_helloWorld_amandamovUITests.swift */ = {isa = PBXFileReference; lastKnownFileType = sourcecode.swift; path = soporte_github_helloWorld_amandamovUITests.swift; sourceTree = "<group>"; };
		9708CD602A5C452C008A41C4 /* soporte_github_helloWorld_amandamovUITestsLaunchTests.swift */ = {isa = PBXFileReference; lastKnownFileType = sourcecode.swift; path = soporte_github_helloWorld_amandamovUITestsLaunchTests.swift; sourceTree = "<group>"; };
/* End PBXFileReference section */

/* Begin PBXFrameworksBuildPhase section */
		9708CD372A5C452A008A41C4 /* Frameworks */ = {
			isa = PBXFrameworksBuildPhase;
			buildActionMask = 2147483647;
			files = (
			);
			runOnlyForDeploymentPostprocessing = 0;
		};
		9708CD4D2A5C452C008A41C4 /* Frameworks */ = {
			isa = PBXFrameworksBuildPhase;
			buildActionMask = 2147483647;
			files = (
			);
			runOnlyForDeploymentPostprocessing = 0;
		};
		9708CD572A5C452C008A41C4 /* Frameworks */ = {
			isa = PBXFrameworksBuildPhase;
			buildActionMask = 2147483647;
			files = (
			);
			runOnlyForDeploymentPostprocessing = 0;
		};
/* End PBXFrameworksBuildPhase section */

/* Begin PBXGroup section */
		9708CD312A5C452A008A41C4 = {
			isa = PBXGroup;
			children = (
				9708CD3C2A5C452A008A41C4 /* soporte-github-helloWorld-amandamov */,
				9708CD532A5C452C008A41C4 /* soporte-github-helloWorld-amandamovTests */,
				9708CD5D2A5C452C008A41C4 /* soporte-github-helloWorld-amandamovUITests */,
				9708CD3B2A5C452A008A41C4 /* Products */,
			);
			sourceTree = "<group>";
		};
		9708CD3B2A5C452A008A41C4 /* Products */ = {
			isa = PBXGroup;
			children = (
				9708CD3A2A5C452A008A41C4 /* soporte-github-helloWorld-amandamov.app */,
				9708CD502A5C452C008A41C4 /* soporte-github-helloWorld-amandamovTests.xctest */,
				9708CD5A2A5C452C008A41C4 /* soporte-github-helloWorld-amandamovUITests.xctest */,
			);
			name = Products;
			sourceTree = "<group>";
		};
		9708CD3C2A5C452A008A41C4 /* soporte-github-helloWorld-amandamov */ = {
			isa = PBXGroup;
			children = (
				9708CD3D2A5C452A008A41C4 /* AppDelegate.swift */,
				9708CD3F2A5C452A008A41C4 /* SceneDelegate.swift */,
				9708CD412A5C452A008A41C4 /* ViewController.swift */,
				9708CD432A5C452A008A41C4 /* Main.storyboard */,
				9708CD462A5C452C008A41C4 /* Assets.xcassets */,
				9708CD482A5C452C008A41C4 /* LaunchScreen.storyboard */,
				9708CD4B2A5C452C008A41C4 /* Info.plist */,
			);
			path = "soporte-github-helloWorld-amandamov";
			sourceTree = "<group>";
		};
		9708CD532A5C452C008A41C4 /* soporte-github-helloWorld-amandamovTests */ = {
			isa = PBXGroup;
			children = (
				9708CD542A5C452C008A41C4 /* soporte_github_helloWorld_amandamovTests.swift */,
			);
			path = "soporte-github-helloWorld-amandamovTests";
			sourceTree = "<group>";
		};
		9708CD5D2A5C452C008A41C4 /* soporte-github-helloWorld-amandamovUITests */ = {
			isa = PBXGroup;
			children = (
				9708CD5E2A5C452C008A41C4 /* soporte_github_helloWorld_amandamovUITests.swift */,
				9708CD602A5C452C008A41C4 /* soporte_github_helloWorld_amandamovUITestsLaunchTests.swift */,
			);
			path = "soporte-github-helloWorld-amandamovUITests";
			sourceTree = "<group>";
		};
/* End PBXGroup section */

/* Begin PBXNativeTarget section */
		9708CD392A5C452A008A41C4 /* soporte-github-helloWorld-amandamov */ = {
			isa = PBXNativeTarget;
			buildConfigurationList = 9708CD642A5C452C008A41C4 /* Build configuration list for PBXNativeTarget "soporte-github-helloWorld-amandamov" */;
			buildPhases = (
				9708CD362A5C452A008A41C4 /* Sources */,
				9708CD372A5C452A008A41C4 /* Frameworks */,
				9708CD382A5C452A008A41C4 /* Resources */,
			);
			buildRules = (
			);
			dependencies = (
			);
			name = "soporte-github-helloWorld-amandamov";
			productName = "soporte-github-helloWorld-amandamov";
			productReference = 9708CD3A2A5C452A008A41C4 /* soporte-github-helloWorld-amandamov.app */;
			productType = "com.apple.product-type.application";
		};
		9708CD4F2A5C452C008A41C4 /* soporte-github-helloWorld-amandamovTests */ = {
			isa = PBXNativeTarget;
			buildConfigurationList = 9708CD672A5C452C008A41C4 /* Build configuration list for PBXNativeTarget "soporte-github-helloWorld-amandamovTests" */;
			buildPhases = (
				9708CD4C2A5C452C008A41C4 /* Sources */,
				9708CD4D2A5C452C008A41C4 /* Frameworks */,
				9708CD4E2A5C452C008A41C4 /* Resources */,
			);
			buildRules = (
			);
			dependencies = (
				9708CD522A5C452C008A41C4 /* PBXTargetDependency */,
			);
			name = "soporte-github-helloWorld-amandamovTests";
			productName = "soporte-github-helloWorld-amandamovTests";
			productReference = 9708CD502A5C452C008A41C4 /* soporte-github-helloWorld-amandamovTests.xctest */;
			productType = "com.apple.product-type.bundle.unit-test";
		};
		9708CD592A5C452C008A41C4 /* soporte-github-helloWorld-amandamovUITests */ = {
			isa = PBXNativeTarget;
			buildConfigurationList = 9708CD6A2A5C452C008A41C4 /* Build configuration list for PBXNativeTarget "soporte-github-helloWorld-amandamovUITests" */;
			buildPhases = (
				9708CD562A5C452C008A41C4 /* Sources */,
				9708CD572A5C452C008A41C4 /* Frameworks */,
				9708CD582A5C452C008A41C4 /* Resources */,
			);
			buildRules = (
			);
			dependencies = (
				9708CD5C2A5C452C008A41C4 /* PBXTargetDependency */,
			);
			name = "soporte-github-helloWorld-amandamovUITests";
			productName = "soporte-github-helloWorld-amandamovUITests";
			productReference = 9708CD5A2A5C452C008A41C4 /* soporte-github-helloWorld-amandamovUITests.xctest */;
			productType = "com.apple.product-type.bundle.ui-testing";
		};
/* End PBXNativeTarget section */

/* Begin PBXProject section */
		9708CD322A5C452A008A41C4 /* Project object */ = {
			isa = PBXProject;
			attributes = {
				BuildIndependentTargetsInParallel = 1;
				LastSwiftUpdateCheck = 1430;
				LastUpgradeCheck = 1430;
				TargetAttributes = {
					9708CD392A5C452A008A41C4 = {
						CreatedOnToolsVersion = 14.3.1;
					};
					9708CD4F2A5C452C008A41C4 = {
						CreatedOnToolsVersion = 14.3.1;
						TestTargetID = 9708CD392A5C452A008A41C4;
					};
					9708CD592A5C452C008A41C4 = {
						CreatedOnToolsVersion = 14.3.1;
						TestTargetID = 9708CD392A5C452A008A41C4;
					};
				};
			};
			buildConfigurationList = 9708CD352A5C452A008A41C4 /* Build configuration list for PBXProject "soporte-github-helloWorld-amandamov" */;
			compatibilityVersion = "Xcode 14.0";
			developmentRegion = en;
			hasScannedForEncodings = 0;
			knownRegions = (
				en,
				Base,
			);
			mainGroup = 9708CD312A5C452A008A41C4;
			productRefGroup = 9708CD3B2A5C452A008A41C4 /* Products */;
			projectDirPath = "";
			projectRoot = "";
			targets = (
				9708CD392A5C452A008A41C4 /* soporte-github-helloWorld-amandamov */,
				9708CD4F2A5C452C008A41C4 /* soporte-github-helloWorld-amandamovTests */,
				9708CD592A5C452C008A41C4 /* soporte-github-helloWorld-amandamovUITests */,
			);
		};
/* End PBXProject section */

/* Begin PBXResourcesBuildPhase section */
		9708CD382A5C452A008A41C4 /* Resources */ = {
			isa = PBXResourcesBuildPhase;
			buildActionMask = 2147483647;
			files = (
				9708CD4A2A5C452C008A41C4 /* LaunchScreen.storyboard in Resources */,
				9708CD472A5C452C008A41C4 /* Assets.xcassets in Resources */,
				9708CD452A5C452A008A41C4 /* Main.storyboard in Resources */,
			);
			runOnlyForDeploymentPostprocessing = 0;
		};
		9708CD4E2A5C452C008A41C4 /* Resources */ = {
			isa = PBXResourcesBuildPhase;
			buildActionMask = 2147483647;
			files = (
			);
			runOnlyForDeploymentPostprocessing = 0;
		};
		9708CD582A5C452C008A41C4 /* Resources */ = {
			isa = PBXResourcesBuildPhase;
			buildActionMask = 2147483647;
			files = (
			);
			runOnlyForDeploymentPostprocessing = 0;
		};
/* End PBXResourcesBuildPhase section */

/* Begin PBXSourcesBuildPhase section */
		9708CD362A5C452A008A41C4 /* Sources */ = {
			isa = PBXSourcesBuildPhase;
			buildActionMask = 2147483647;
			files = (
				9708CD422A5C452A008A41C4 /* ViewController.swift in Sources */,
				9708CD3E2A5C452A008A41C4 /* AppDelegate.swift in Sources */,
				9708CD402A5C452A008A41C4 /* SceneDelegate.swift in Sources */,
			);
			runOnlyForDeploymentPostprocessing = 0;
		};
		9708CD4C2A5C452C008A41C4 /* Sources */ = {
			isa = PBXSourcesBuildPhase;
			buildActionMask = 2147483647;
			files = (
				9708CD552A5C452C008A41C4 /* soporte_github_helloWorld_amandamovTests.swift in Sources */,
			);
			runOnlyForDeploymentPostprocessing = 0;
		};
		9708CD562A5C452C008A41C4 /* Sources */ = {
			isa = PBXSourcesBuildPhase;
			buildActionMask = 2147483647;
			files = (
				9708CD5F2A5C452C008A41C4 /* soporte_github_helloWorld_amandamovUITests.swift in Sources */,
				9708CD612A5C452C008A41C4 /* soporte_github_helloWorld_amandamovUITestsLaunchTests.swift in Sources */,
			);
			runOnlyForDeploymentPostprocessing = 0;
		};
/* End PBXSourcesBuildPhase section */

/* Begin PBXTargetDependency section */
		9708CD522A5C452C008A41C4 /* PBXTargetDependency */ = {
			isa = PBXTargetDependency;
			target = 9708CD392A5C452A008A41C4 /* soporte-github-helloWorld-amandamov */;
			targetProxy = 9708CD512A5C452C008A41C4 /* PBXContainerItemProxy */;
		};
		9708CD5C2A5C452C008A41C4 /* PBXTargetDependency */ = {
			isa = PBXTargetDependency;
			target = 9708CD392A5C452A008A41C4 /* soporte-github-helloWorld-amandamov */;
			targetProxy = 9708CD5B2A5C452C008A41C4 /* PBXContainerItemProxy */;
		};
/* End PBXTargetDependency section */

/* Begin PBXVariantGroup section */
		9708CD432A5C452A008A41C4 /* Main.storyboard */ = {
			isa = PBXVariantGroup;
			children = (
				9708CD442A5C452A008A41C4 /* Base */,
			);
			name = Main.storyboard;
			sourceTree = "<group>";
		};
		9708CD482A5C452C008A41C4 /* LaunchScreen.storyboard */ = {
			isa = PBXVariantGroup;
			children = (
				9708CD492A5C452C008A41C4 /* Base */,
			);
			name = LaunchScreen.storyboard;
			sourceTree = "<group>";
		};
/* End PBXVariantGroup section */

/* Begin XCBuildConfiguration section */
		9708CD622A5C452C008A41C4 /* Debug */ = {
			isa = XCBuildConfiguration;
			buildSettings = {
				ALWAYS_SEARCH_USER_PATHS = NO;
				CLANG_ANALYZER_NONNULL = YES;
				CLANG_ANALYZER_NUMBER_OBJECT_CONVERSION = YES_AGGRESSIVE;
				CLANG_CXX_LANGUAGE_STANDARD = "gnu++20";
				CLANG_ENABLE_MODULES = YES;
				CLANG_ENABLE_OBJC_ARC = YES;
				CLANG_ENABLE_OBJC_WEAK = YES;
				CLANG_WARN_BLOCK_CAPTURE_AUTORELEASING = YES;
				CLANG_WARN_BOOL_CONVERSION = YES;
				CLANG_WARN_COMMA = YES;
				CLANG_WARN_CONSTANT_CONVERSION = YES;
				CLANG_WARN_DEPRECATED_OBJC_IMPLEMENTATIONS = YES;
				CLANG_WARN_DIRECT_OBJC_ISA_USAGE = YES_ERROR;
				CLANG_WARN_DOCUMENTATION_COMMENTS = YES;
				CLANG_WARN_EMPTY_BODY = YES;
				CLANG_WARN_ENUM_CONVERSION = YES;
				CLANG_WARN_INFINITE_RECURSION = YES;
				CLANG_WARN_INT_CONVERSION = YES;
				CLANG_WARN_NON_LITERAL_NULL_CONVERSION = YES;
				CLANG_WARN_OBJC_IMPLICIT_RETAIN_SELF = YES;
				CLANG_WARN_OBJC_LITERAL_CONVERSION = YES;
				CLANG_WARN_OBJC_ROOT_CLASS = YES_ERROR;
				CLANG_WARN_QUOTED_INCLUDE_IN_FRAMEWORK_HEADER = YES;
				CLANG_WARN_RANGE_LOOP_ANALYSIS = YES;
				CLANG_WARN_STRICT_PROTOTYPES = YES;
				CLANG_WARN_SUSPICIOUS_MOVE = YES;
				CLANG_WARN_UNGUARDED_AVAILABILITY = YES_AGGRESSIVE;
				CLANG_WARN_UNREACHABLE_CODE = YES;
				CLANG_WARN__DUPLICATE_METHOD_MATCH = YES;
				COPY_PHASE_STRIP = NO;
				DEBUG_INFORMATION_FORMAT = dwarf;
				ENABLE_STRICT_OBJC_MSGSEND = YES;
				ENABLE_TESTABILITY = YES;
				GCC_C_LANGUAGE_STANDARD = gnu11;
				GCC_DYNAMIC_NO_PIC = NO;
				GCC_NO_COMMON_BLOCKS = YES;
				GCC_OPTIMIZATION_LEVEL = 0;
				GCC_PREPROCESSOR_DEFINITIONS = (
					"DEBUG=1",
					"$(inherited)",
				);
				GCC_WARN_64_TO_32_BIT_CONVERSION = YES;
				GCC_WARN_ABOUT_RETURN_TYPE = YES_ERROR;
				GCC_WARN_UNDECLARED_SELECTOR = YES;
				GCC_WARN_UNINITIALIZED_AUTOS = YES_AGGRESSIVE;
				GCC_WARN_UNUSED_FUNCTION = YES;
				GCC_WARN_UNUSED_VARIABLE = YES;
				IPHONEOS_DEPLOYMENT_TARGET = 16.4;
				MTL_ENABLE_DEBUG_INFO = INCLUDE_SOURCE;
				MTL_FAST_MATH = YES;
				ONLY_ACTIVE_ARCH = YES;
				SDKROOT = iphoneos;
				SWIFT_ACTIVE_COMPILATION_CONDITIONS = DEBUG;
				SWIFT_OPTIMIZATION_LEVEL = "-Onone";
			};
			name = Debug;
		};
		9708CD632A5C452C008A41C4 /* Release */ = {
			isa = XCBuildConfiguration;
			buildSettings = {
				ALWAYS_SEARCH_USER_PATHS = NO;
				CLANG_ANALYZER_NONNULL = YES;
				CLANG_ANALYZER_NUMBER_OBJECT_CONVERSION = YES_AGGRESSIVE;
				CLANG_CXX_LANGUAGE_STANDARD = "gnu++20";
				CLANG_ENABLE_MODULES = YES;
				CLANG_ENABLE_OBJC_ARC = YES;
				CLANG_ENABLE_OBJC_WEAK = YES;
				CLANG_WARN_BLOCK_CAPTURE_AUTORELEASING = YES;
				CLANG_WARN_BOOL_CONVERSION = YES;
				CLANG_WARN_COMMA = YES;
				CLANG_WARN_CONSTANT_CONVERSION = YES;
				CLANG_WARN_DEPRECATED_OBJC_IMPLEMENTATIONS = YES;
				CLANG_WARN_DIRECT_OBJC_ISA_USAGE = YES_ERROR;
				CLANG_WARN_DOCUMENTATION_COMMENTS = YES;
				CLANG_WARN_EMPTY_BODY = YES;
				CLANG_WARN_ENUM_CONVERSION = YES;
				CLANG_WARN_INFINITE_RECURSION = YES;
				CLANG_WARN_INT_CONVERSION = YES;
				CLANG_WARN_NON_LITERAL_NULL_CONVERSION = YES;
				CLANG_WARN_OBJC_IMPLICIT_RETAIN_SELF = YES;
				CLANG_WARN_OBJC_LITERAL_CONVERSION = YES;
				CLANG_WARN_OBJC_ROOT_CLASS = YES_ERROR;
				CLANG_WARN_QUOTED_INCLUDE_IN_FRAMEWORK_HEADER = YES;
				CLANG_WARN_RANGE_LOOP_ANALYSIS = YES;
				CLANG_WARN_STRICT_PROTOTYPES = YES;
				CLANG_WARN_SUSPICIOUS_MOVE = YES;
				CLANG_WARN_UNGUARDED_AVAILABILITY = YES_AGGRESSIVE;
				CLANG_WARN_UNREACHABLE_CODE = YES;
				CLANG_WARN__DUPLICATE_METHOD_MATCH = YES;
				COPY_PHASE_STRIP = NO;
				DEBUG_INFORMATION_FORMAT = "dwarf-with-dsym";
				ENABLE_NS_ASSERTIONS = NO;
				ENABLE_STRICT_OBJC_MSGSEND = YES;
				GCC_C_LANGUAGE_STANDARD = gnu11;
				GCC_NO_COMMON_BLOCKS = YES;
				GCC_WARN_64_TO_32_BIT_CONVERSION = YES;
				GCC_WARN_ABOUT_RETURN_TYPE = YES_ERROR;
				GCC_WARN_UNDECLARED_SELECTOR = YES;
				GCC_WARN_UNINITIALIZED_AUTOS = YES_AGGRESSIVE;
				GCC_WARN_UNUSED_FUNCTION = YES;
				GCC_WARN_UNUSED_VARIABLE = YES;
				IPHONEOS_DEPLOYMENT_TARGET = 16.4;
				MTL_ENABLE_DEBUG_INFO = NO;
				MTL_FAST_MATH = YES;
				SDKROOT = iphoneos;
				SWIFT_COMPILATION_MODE = wholemodule;
				SWIFT_OPTIMIZATION_LEVEL = "-O";
				VALIDATE_PRODUCT = YES;
			};
			name = Release;
		};
		9708CD652A5C452C008A41C4 /* Debug */ = {
			isa = XCBuildConfiguration;
			buildSettings = {
				ASSETCATALOG_COMPILER_APPICON_NAME = AppIcon;
				ASSETCATALOG_COMPILER_GLOBAL_ACCENT_COLOR_NAME = AccentColor;
				CODE_SIGN_STYLE = Automatic;
				CURRENT_PROJECT_VERSION = 1;
				DEVELOPMENT_TEAM = LZMN77JJCD;
				GENERATE_INFOPLIST_FILE = YES;
				INFOPLIST_FILE = "soporte-github-helloWorld-amandamov/Info.plist";
				INFOPLIST_KEY_UIApplicationSupportsIndirectInputEvents = YES;
				INFOPLIST_KEY_UILaunchStoryboardName = LaunchScreen;
				INFOPLIST_KEY_UIMainStoryboardFile = Main;
				INFOPLIST_KEY_UISupportedInterfaceOrientations_iPad = "UIInterfaceOrientationPortrait UIInterfaceOrientationPortraitUpsideDown UIInterfaceOrientationLandscapeLeft UIInterfaceOrientationLandscapeRight";
				INFOPLIST_KEY_UISupportedInterfaceOrientations_iPhone = "UIInterfaceOrientationPortrait UIInterfaceOrientationLandscapeLeft UIInterfaceOrientationLandscapeRight";
				LD_RUNPATH_SEARCH_PATHS = (
					"$(inherited)",
					"@executable_path/Frameworks",
				);
				MARKETING_VERSION = 1.0;
				PRODUCT_BUNDLE_IDENTIFIER = "com.amandamov.soporte-github-helloWorld-amandamov";
				PRODUCT_NAME = "$(TARGET_NAME)";
				SWIFT_EMIT_LOC_STRINGS = YES;
				SWIFT_VERSION = 5.0;
				TARGETED_DEVICE_FAMILY = "1,2";
			};
			name = Debug;
		};
		9708CD662A5C452C008A41C4 /* Release */ = {
			isa = XCBuildConfiguration;
			buildSettings = {
				ASSETCATALOG_COMPILER_APPICON_NAME = AppIcon;
				ASSETCATALOG_COMPILER_GLOBAL_ACCENT_COLOR_NAME = AccentColor;
				CODE_SIGN_STYLE = Automatic;
				CURRENT_PROJECT_VERSION = 1;
				DEVELOPMENT_TEAM = LZMN77JJCD;
				GENERATE_INFOPLIST_FILE = YES;
				INFOPLIST_FILE = "soporte-github-helloWorld-amandamov/Info.plist";
				INFOPLIST_KEY_UIApplicationSupportsIndirectInputEvents = YES;
				INFOPLIST_KEY_UILaunchStoryboardName = LaunchScreen;
				INFOPLIST_KEY_UIMainStoryboardFile = Main;
				INFOPLIST_KEY_UISupportedInterfaceOrientations_iPad = "UIInterfaceOrientationPortrait UIInterfaceOrientationPortraitUpsideDown UIInterfaceOrientationLandscapeLeft UIInterfaceOrientationLandscapeRight";
				INFOPLIST_KEY_UISupportedInterfaceOrientations_iPhone = "UIInterfaceOrientationPortrait UIInterfaceOrientationLandscapeLeft UIInterfaceOrientationLandscapeRight";
				LD_RUNPATH_SEARCH_PATHS = (
					"$(inherited)",
					"@executable_path/Frameworks",
				);
				MARKETING_VERSION = 1.0;
				PRODUCT_BUNDLE_IDENTIFIER = "com.amandamov.soporte-github-helloWorld-amandamov";
				PRODUCT_NAME = "$(TARGET_NAME)";
				SWIFT_EMIT_LOC_STRINGS = YES;
				SWIFT_VERSION = 5.0;
				TARGETED_DEVICE_FAMILY = "1,2";
			};
			name = Release;
		};
		9708CD682A5C452C008A41C4 /* Debug */ = {
			isa = XCBuildConfiguration;
			buildSettings = {
				ALWAYS_EMBED_SWIFT_STANDARD_LIBRARIES = YES;
				BUNDLE_LOADER = "$(TEST_HOST)";
				CODE_SIGN_STYLE = Automatic;
				CURRENT_PROJECT_VERSION = 1;
				DEVELOPMENT_TEAM = LZMN77JJCD;
				GENERATE_INFOPLIST_FILE = YES;
				IPHONEOS_DEPLOYMENT_TARGET = 16.4;
				MARKETING_VERSION = 1.0;
				PRODUCT_BUNDLE_IDENTIFIER = "com.amandamov.soporte-github-helloWorld-amandamovTests";
				PRODUCT_NAME = "$(TARGET_NAME)";
				SWIFT_EMIT_LOC_STRINGS = NO;
				SWIFT_VERSION = 5.0;
				TARGETED_DEVICE_FAMILY = "1,2";
				TEST_HOST = "$(BUILT_PRODUCTS_DIR)/soporte-github-helloWorld-amandamov.app/$(BUNDLE_EXECUTABLE_FOLDER_PATH)/soporte-github-helloWorld-amandamov";
			};
			name = Debug;
		};
		9708CD692A5C452C008A41C4 /* Release */ = {
			isa = XCBuildConfiguration;
			buildSettings = {
				ALWAYS_EMBED_SWIFT_STANDARD_LIBRARIES = YES;
				BUNDLE_LOADER = "$(TEST_HOST)";
				CODE_SIGN_STYLE = Automatic;
				CURRENT_PROJECT_VERSION = 1;
				DEVELOPMENT_TEAM = LZMN77JJCD;
				GENERATE_INFOPLIST_FILE = YES;
				IPHONEOS_DEPLOYMENT_TARGET = 16.4;
				MARKETING_VERSION = 1.0;
				PRODUCT_BUNDLE_IDENTIFIER = "com.amandamov.soporte-github-helloWorld-amandamovTests";
				PRODUCT_NAME = "$(TARGET_NAME)";
				SWIFT_EMIT_LOC_STRINGS = NO;
				SWIFT_VERSION = 5.0;
				TARGETED_DEVICE_FAMILY = "1,2";
				TEST_HOST = "$(BUILT_PRODUCTS_DIR)/soporte-github-helloWorld-amandamov.app/$(BUNDLE_EXECUTABLE_FOLDER_PATH)/soporte-github-helloWorld-amandamov";
			};
			name = Release;
		};
		9708CD6B2A5C452C008A41C4 /* Debug */ = {
			isa = XCBuildConfiguration;
			buildSettings = {
				ALWAYS_EMBED_SWIFT_STANDARD_LIBRARIES = YES;
				CODE_SIGN_STYLE = Automatic;
				CURRENT_PROJECT_VERSION = 1;
				DEVELOPMENT_TEAM = LZMN77JJCD;
				GENERATE_INFOPLIST_FILE = YES;
				MARKETING_VERSION = 1.0;
				PRODUCT_BUNDLE_IDENTIFIER = "com.amandamov.soporte-github-helloWorld-amandamovUITests";
				PRODUCT_NAME = "$(TARGET_NAME)";
				SWIFT_EMIT_LOC_STRINGS = NO;
				SWIFT_VERSION = 5.0;
				TARGETED_DEVICE_FAMILY = "1,2";
				TEST_TARGET_NAME = "soporte-github-helloWorld-amandamov";
			};
			name = Debug;
		};
		9708CD6C2A5C452C008A41C4 /* Release */ = {
			isa = XCBuildConfiguration;
			buildSettings = {
				ALWAYS_EMBED_SWIFT_STANDARD_LIBRARIES = YES;
				CODE_SIGN_STYLE = Automatic;
				CURRENT_PROJECT_VERSION = 1;
				DEVELOPMENT_TEAM = LZMN77JJCD;
				GENERATE_INFOPLIST_FILE = YES;
				MARKETING_VERSION = 1.0;
				PRODUCT_BUNDLE_IDENTIFIER = "com.amandamov.soporte-github-helloWorld-amandamovUITests";
				PRODUCT_NAME = "$(TARGET_NAME)";
				SWIFT_EMIT_LOC_STRINGS = NO;
				SWIFT_VERSION = 5.0;
				TARGETED_DEVICE_FAMILY = "1,2";
				TEST_TARGET_NAME = "soporte-github-helloWorld-amandamov";
			};
			name = Release;
		};
/* End XCBuildConfiguration section */

/* Begin XCConfigurationList section */
		9708CD352A5C452A008A41C4 /* Build configuration list for PBXProject "soporte-github-helloWorld-amandamov" */ = {
			isa = XCConfigurationList;
			buildConfigurations = (
				9708CD622A5C452C008A41C4 /* Debug */,
				9708CD632A5C452C008A41C4 /* Release */,
			);
			defaultConfigurationIsVisible = 0;
			defaultConfigurationName = Release;
		};
		9708CD642A5C452C008A41C4 /* Build configuration list for PBXNativeTarget "soporte-github-helloWorld-amandamov" */ = {
			isa = XCConfigurationList;
			buildConfigurations = (
				9708CD652A5C452C008A41C4 /* Debug */,
				9708CD662A5C452C008A41C4 /* Release */,
			);
			defaultConfigurationIsVisible = 0;
			defaultConfigurationName = Release;
		};
		9708CD672A5C452C008A41C4 /* Build configuration list for PBXNativeTarget "soporte-github-helloWorld-amandamovTests" */ = {
			isa = XCConfigurationList;
			buildConfigurations = (
				9708CD682A5C452C008A41C4 /* Debug */,
				9708CD692A5C452C008A41C4 /* Release */,
			);
			defaultConfigurationIsVisible = 0;
			defaultConfigurationName = Release;
		};
		9708CD6A2A5C452C008A41C4 /* Build configuration list for PBXNativeTarget "soporte-github-helloWorld-amandamovUITests" */ = {
			isa = XCConfigurationList;
			buildConfigurations = (
				9708CD6B2A5C452C008A41C4 /* Debug */,
				9708CD6C2A5C452C008A41C4 /* Release */,
			);
			defaultConfigurationIsVisible = 0;
			defaultConfigurationName = Release;
		};
/* End XCConfigurationList section */
	};
	rootObject = 9708CD322A5C452A008A41C4 /* Project object */;
}
